
Microsoft Visual Studio Solution File, Format Version 12.00
# Visual Studio Version 17
VisualStudioVersion = 17.10.35027.167
MinimumVisualStudioVersion = 10.0.40219.1
Project("{FAE04EC0-301F-11D3-BF4B-00C04F79EFBC}") = "SignalRclient.full framework", "SignalRclient.full framework.csproj", "{EA096964-BD1D-4FB2-BA6D-50D19FC75DD7}"
EndProject
Global
	GlobalSection(SolutionConfigurationPlatforms) = preSolution
		Debug|Any CPU = Debug|Any CPU
		Release|Any CPU = Release|Any CPU
	EndGlobalSection
	GlobalSection(ProjectConfigurationPlatforms) = postSolution
		{EA096964-BD1D-4FB2-BA6D-50D19FC75DD7}.Debug|Any CPU.ActiveCfg = Debug|Any CPU
		{EA096964-BD1D-4FB2-BA6D-50D19FC75DD7}.Debug|Any CPU.Build.0 = Debug|Any CPU
		{EA096964-BD1D-4FB2-BA6D-50D19FC75DD7}.Release|Any CPU.ActiveCfg = Release|Any CPU
		{EA096964-BD1D-4FB2-BA6D-50D19FC75DD7}.Release|Any CPU.Build.0 = Release|Any CPU
	EndGlobalSection
	GlobalSection(SolutionProperties) = preSolution
		HideSolutionNode = FALSE
	EndGlobalSection
	GlobalSection(ExtensibilityGlobals) = postSolution
		SolutionGuid = {F0C3F2DA-5002-4F49-ACEA-A544CCB35037}
	EndGlobalSection
EndGlobal
